schema: '2.0'
stages:
  preprocess:
    cmd: python src/preprocess_data.py
    deps:
    - path: data/raw/raw_dataset.csv
      md5: 8d123ec10a3b659544da898c86cc5ccf
      size: 251395
    - path: src/preprocess_data.py
      md5: 522419f1951c8894e582919a2f441865
      size: 2650
  train:
    cmd: python .\src\train.py
    deps:
    - path: .\src\train.py
      md5: ad772ea7ed57f55c4888dd46a97d73f1
      size: 1651
  test:
    cmd: python .\src\test.py
    deps:
    - path: .\src\test.py
      md5: 668e3153f074be9822886c8435ba9476
      size: 2595